
Microsoft Visual Studio Solution File, Format Version 12.00
# Visual Studio Version 17
VisualStudioVersion = 17.11.35303.130
MinimumVisualStudioVersion = 10.0.40219.1
Project("{9A19103F-16F7-4668-BE54-9A1E7A4F7556}") = "Resguardo.Web", "Resguardo.Web\Resguardo.Web.csproj", "{6ACA4A85-F0ED-480D-A7ED-FD4ABCA587F4}"
EndProject
Project("{2150E333-8FDC-42A3-9474-1A3956D46DE8}") = "src", "src", "{EBC7B3A5-43E5-4FFE-9170-CA256DC45B80}"
EndProject
Project("{2150E333-8FDC-42A3-9474-1A3956D46DE8}") = "resources", "resources", "{C1C42383-614C-4425-A57E-0689812AE881}"
	ProjectSection(SolutionItems) = preProject
		notes.txt = notes.txt
		scripts.sql = scripts.sql
	EndProjectSection
EndProject
Project("{9A19103F-16F7-4668-BE54-9A1E7A4F7556}") = "Resguardo.Application", "Resguardo.Application\Resguardo.Application.csproj", "{748863EF-728E-4298-87A7-9D178819DCE3}"
EndProject
Project("{9A19103F-16F7-4668-BE54-9A1E7A4F7556}") = "Resguardo.Domain", "Resguardo.Domain\Resguardo.Domain.csproj", "{B2ADC347-ABB8-4CAB-9410-0495B8DFE54E}"
EndProject
Project("{9A19103F-16F7-4668-BE54-9A1E7A4F7556}") = "Resguardo.Infrastructure", "Resguardo.Infrastructure\Resguardo.Infrastructure.csproj", "{93F56D27-28DB-42C7-A536-382200C1E103}"
EndProject
Project("{2150E333-8FDC-42A3-9474-1A3956D46DE8}") = "resguardo", "resguardo", "{BE9EED21-8C05-4F14-9CD5-7C1D70B7D97C}"
EndProject
Project("{2150E333-8FDC-42A3-9474-1A3956D46DE8}") = "corporativo", "corporativo", "{77D8F3FE-7AB1-4C20-9443-B376797E1359}"
EndProject
Project("{2150E333-8FDC-42A3-9474-1A3956D46DE8}") = "test", "test", "{0E410FFB-378D-4656-990D-E25DD36A6DB4}"
EndProject
Project("{9A19103F-16F7-4668-BE54-9A1E7A4F7556}") = "Corporativo.UI", "Corporativo.UI\Corporativo.UI.csproj", "{01D4AB3A-18B3-442D-931C-2BD48F4D42F8}"
EndProject
Project("{2150E333-8FDC-42A3-9474-1A3956D46DE8}") = "src", "src", "{4D274B27-6D98-475A-BC80-B62D9E25D617}"
EndProject
Project("{2150E333-8FDC-42A3-9474-1A3956D46DE8}") = "shell", "shell", "{1DA3A65E-1700-4FFD-9276-632722203C5F}"
EndProject
Project("{9A19103F-16F7-4668-BE54-9A1E7A4F7556}") = "Shell.Web", "Shell.Web\Shell.Web.csproj", "{44695B98-67EA-4F95-A861-D74824BCB3F1}"
EndProject
Project("{2150E333-8FDC-42A3-9474-1A3956D46DE8}") = "recupero", "recupero", "{8CAD5349-016E-44FB-8C6B-A53D9AF7365B}"
EndProject
Project("{2150E333-8FDC-42A3-9474-1A3956D46DE8}") = "comprobamte", "comprobamte", "{2E97B9DB-D9B4-46FF-A9EC-861888251895}"
EndProject
Project("{2150E333-8FDC-42A3-9474-1A3956D46DE8}") = "notificacion", "notificacion", "{5235F695-E1BD-46BF-B4CD-CE8BFA586937}"
EndProject
Project("{9A19103F-16F7-4668-BE54-9A1E7A4F7556}") = "Notificacion.Infrastructure", "Notificacion.Infrastructure\Notificacion.Infrastructure.csproj", "{35289F84-E969-4A2B-8DEA-276E83DC47CF}"
EndProject
Project("{9A19103F-16F7-4668-BE54-9A1E7A4F7556}") = "Notificacion.Abstractions", "Notificacion.Abstractions\Notificacion.Abstractions.csproj", "{C13CDB11-D3D2-4016-A8E5-9AA137F29308}"
EndProject
Project("{2150E333-8FDC-42A3-9474-1A3956D46DE8}") = "resources", "resources", "{02EA681E-C7D8-13C7-8484-4AC65E1B71E8}"
EndProject
Project("{2150E333-8FDC-42A3-9474-1A3956D46DE8}") = "src", "src", "{A8C313CB-FC37-4727-82E1-4C80BB1C93DE}"
EndProject
Project("{9A19103F-16F7-4668-BE54-9A1E7A4F7556}") = "ComprobantePago.Application", "ComprobantePago.Application\ComprobantePago.Application.csproj", "{B6C39AF8-837F-1FD0-A710-721130AA8D1E}"
EndProject
Project("{9A19103F-16F7-4668-BE54-9A1E7A4F7556}") = "ComprobantePago.Domain", "ComprobantePago.Domain\ComprobantePago.Domain.csproj", "{3744922A-4C99-1CCC-AF96-D7CD0B921215}"
EndProject
Project("{9A19103F-16F7-4668-BE54-9A1E7A4F7556}") = "ComprobantePago.Infrastructure", "ComprobantePago.Infrastructure\ComprobantePago.Infrastructure.csproj", "{00466D2B-0C1B-E5A0-A9A9-D0C63E2546AC}"
EndProject
Project("{9A19103F-16F7-4668-BE54-9A1E7A4F7556}") = "ComprobantePago.Web", "ComprobantePago.Web\ComprobantePago.Web.csproj", "{C289FBAB-6D3A-0383-D3F2-BD5BA5179C3A}"
EndProject
Project("{2150E333-8FDC-42A3-9474-1A3956D46DE8}") = "test", "test", "{BDF733C2-EE48-451C-A15F-53F41E769122}"
EndProject
Project("{9A19103F-16F7-4668-BE54-9A1E7A4F7556}") = "ComprobantePago.Tests", "ComprobantePago.Tests\ComprobantePago.Tests.csproj", "{44870357-D1A8-C2FF-13E6-21DE79F66D11}"
EndProject
Project("{2150E333-8FDC-42A3-9474-1A3956D46DE8}") = "inforcloud", "inforcloud", "{3E61B425-773A-47BF-A62D-0F438D022EF6}"
EndProject
Project("{9A19103F-16F7-4668-BE54-9A1E7A4F7556}") = "Infor.Abstractions", "Infor.Abstractions\Infor.Abstractions.csproj", "{FBF30FC9-8D02-4488-9978-4896C899D810}"
EndProject
Project("{9A19103F-16F7-4668-BE54-9A1E7A4F7556}") = "Infor.Infrastructure", "Infor.Infrastructure\Infor.Infrastructure.csproj", "{ABA0ECA1-43DF-4628-92EC-F3B9C411EE7C}"
EndProject
Project("{2150E333-8FDC-42A3-9474-1A3956D46DE8}") = "seguridad", "seguridad", "{8AB5E0DF-434D-4B98-98A5-3C602A4EEDFF}"
EndProject
Project("{9A19103F-16F7-4668-BE54-9A1E7A4F7556}") = "Seguridad.Abstractions", "Seguridad.Abstractions\Seguridad.Abstractions.csproj", "{4B90ACC3-C565-4DAE-B807-A0A6FDE6F26C}"
EndProject
Project("{9A19103F-16F7-4668-BE54-9A1E7A4F7556}") = "Seguridad.Infrastructure", "Seguridad.Infrastructure\Seguridad.Infrastructure.csproj", "{2544AD03-CECF-43AD-8BE5-F983E7B6A2DB}"
EndProject
Project("{2150E333-8FDC-42A3-9474-1A3956D46DE8}") = "tarifariomo", "tarifariomo", "{1413B7F4-D547-482A-8C59-E5CF908C9866}"
EndProject
Global
	GlobalSection(SolutionConfigurationPlatforms) = preSolution
		Debug|Any CPU = Debug|Any CPU
		Release|Any CPU = Release|Any CPU
	EndGlobalSection
	GlobalSection(ProjectConfigurationPlatforms) = postSolution
		{6ACA4A85-F0ED-480D-A7ED-FD4ABCA587F4}.Debug|Any CPU.ActiveCfg = Debug|Any CPU
		{6ACA4A85-F0ED-480D-A7ED-FD4ABCA587F4}.Debug|Any CPU.Build.0 = Debug|Any CPU
		{6ACA4A85-F0ED-480D-A7ED-FD4ABCA587F4}.Release|Any CPU.ActiveCfg = Release|Any CPU
		{6ACA4A85-F0ED-480D-A7ED-FD4ABCA587F4}.Release|Any CPU.Build.0 = Release|Any CPU
		{748863EF-728E-4298-87A7-9D178819DCE3}.Debug|Any CPU.ActiveCfg = Debug|Any CPU
		{748863EF-728E-4298-87A7-9D178819DCE3}.Debug|Any CPU.Build.0 = Debug|Any CPU
		{748863EF-728E-4298-87A7-9D178819DCE3}.Release|Any CPU.ActiveCfg = Release|Any CPU
		{748863EF-728E-4298-87A7-9D178819DCE3}.Release|Any CPU.Build.0 = Release|Any CPU
		{B2ADC347-ABB8-4CAB-9410-0495B8DFE54E}.Debug|Any CPU.ActiveCfg = Debug|Any CPU
		{B2ADC347-ABB8-4CAB-9410-0495B8DFE54E}.Debug|Any CPU.Build.0 = Debug|Any CPU
		{B2ADC347-ABB8-4CAB-9410-0495B8DFE54E}.Release|Any CPU.ActiveCfg = Release|Any CPU
		{B2ADC347-ABB8-4CAB-9410-0495B8DFE54E}.Release|Any CPU.Build.0 = Release|Any CPU
		{93F56D27-28DB-42C7-A536-382200C1E103}.Debug|Any CPU.ActiveCfg = Debug|Any CPU
		{93F56D27-28DB-42C7-A536-382200C1E103}.Debug|Any CPU.Build.0 = Debug|Any CPU
		{93F56D27-28DB-42C7-A536-382200C1E103}.Release|Any CPU.ActiveCfg = Release|Any CPU
		{93F56D27-28DB-42C7-A536-382200C1E103}.Release|Any CPU.Build.0 = Release|Any CPU
		{01D4AB3A-18B3-442D-931C-2BD48F4D42F8}.Debug|Any CPU.ActiveCfg = Debug|Any CPU
		{01D4AB3A-18B3-442D-931C-2BD48F4D42F8}.Debug|Any CPU.Build.0 = Debug|Any CPU
		{01D4AB3A-18B3-442D-931C-2BD48F4D42F8}.Release|Any CPU.ActiveCfg = Release|Any CPU
		{01D4AB3A-18B3-442D-931C-2BD48F4D42F8}.Release|Any CPU.Build.0 = Release|Any CPU
		{44695B98-67EA-4F95-A861-D74824BCB3F1}.Debug|Any CPU.ActiveCfg = Debug|Any CPU
		{44695B98-67EA-4F95-A861-D74824BCB3F1}.Debug|Any CPU.Build.0 = Debug|Any CPU
		{44695B98-67EA-4F95-A861-D74824BCB3F1}.Release|Any CPU.ActiveCfg = Release|Any CPU
		{44695B98-67EA-4F95-A861-D74824BCB3F1}.Release|Any CPU.Build.0 = Release|Any CPU
		{35289F84-E969-4A2B-8DEA-276E83DC47CF}.Debug|Any CPU.ActiveCfg = Debug|Any CPU
		{35289F84-E969-4A2B-8DEA-276E83DC47CF}.Debug|Any CPU.Build.0 = Debug|Any CPU
		{35289F84-E969-4A2B-8DEA-276E83DC47CF}.Release|Any CPU.ActiveCfg = Release|Any CPU
		{35289F84-E969-4A2B-8DEA-276E83DC47CF}.Release|Any CPU.Build.0 = Release|Any CPU
		{C13CDB11-D3D2-4016-A8E5-9AA137F29308}.Debug|Any CPU.ActiveCfg = Debug|Any CPU
		{C13CDB11-D3D2-4016-A8E5-9AA137F29308}.Debug|Any CPU.Build.0 = Debug|Any CPU
		{C13CDB11-D3D2-4016-A8E5-9AA137F29308}.Release|Any CPU.ActiveCfg = Release|Any CPU
		{C13CDB11-D3D2-4016-A8E5-9AA137F29308}.Release|Any CPU.Build.0 = Release|Any CPU
		{B6C39AF8-837F-1FD0-A710-721130AA8D1E}.Debug|Any CPU.ActiveCfg = Debug|Any CPU
		{B6C39AF8-837F-1FD0-A710-721130AA8D1E}.Debug|Any CPU.Build.0 = Debug|Any CPU
		{B6C39AF8-837F-1FD0-A710-721130AA8D1E}.Release|Any CPU.ActiveCfg = Release|Any CPU
		{B6C39AF8-837F-1FD0-A710-721130AA8D1E}.Release|Any CPU.Build.0 = Release|Any CPU
		{3744922A-4C99-1CCC-AF96-D7CD0B921215}.Debug|Any CPU.ActiveCfg = Debug|Any CPU
		{3744922A-4C99-1CCC-AF96-D7CD0B921215}.Debug|Any CPU.Build.0 = Debug|Any CPU
		{3744922A-4C99-1CCC-AF96-D7CD0B921215}.Release|Any CPU.ActiveCfg = Release|Any CPU
		{3744922A-4C99-1CCC-AF96-D7CD0B921215}.Release|Any CPU.Build.0 = Release|Any CPU
		{00466D2B-0C1B-E5A0-A9A9-D0C63E2546AC}.Debug|Any CPU.ActiveCfg = Debug|Any CPU
		{00466D2B-0C1B-E5A0-A9A9-D0C63E2546AC}.Debug|Any CPU.Build.0 = Debug|Any CPU
		{00466D2B-0C1B-E5A0-A9A9-D0C63E2546AC}.Release|Any CPU.ActiveCfg = Release|Any CPU
		{00466D2B-0C1B-E5A0-A9A9-D0C63E2546AC}.Release|Any CPU.Build.0 = Release|Any CPU
		{C289FBAB-6D3A-0383-D3F2-BD5BA5179C3A}.Debug|Any CPU.ActiveCfg = Debug|Any CPU
		{C289FBAB-6D3A-0383-D3F2-BD5BA5179C3A}.Debug|Any CPU.Build.0 = Debug|Any CPU
		{C289FBAB-6D3A-0383-D3F2-BD5BA5179C3A}.Release|Any CPU.ActiveCfg = Release|Any CPU
		{C289FBAB-6D3A-0383-D3F2-BD5BA5179C3A}.Release|Any CPU.Build.0 = Release|Any CPU
		{44870357-D1A8-C2FF-13E6-21DE79F66D11}.Debug|Any CPU.ActiveCfg = Debug|Any CPU
		{44870357-D1A8-C2FF-13E6-21DE79F66D11}.Debug|Any CPU.Build.0 = Debug|Any CPU
		{44870357-D1A8-C2FF-13E6-21DE79F66D11}.Release|Any CPU.ActiveCfg = Release|Any CPU
		{44870357-D1A8-C2FF-13E6-21DE79F66D11}.Release|Any CPU.Build.0 = Release|Any CPU
		{FBF30FC9-8D02-4488-9978-4896C899D810}.Debug|Any CPU.ActiveCfg = Debug|Any CPU
		{FBF30FC9-8D02-4488-9978-4896C899D810}.Debug|Any CPU.Build.0 = Debug|Any CPU
		{FBF30FC9-8D02-4488-9978-4896C899D810}.Release|Any CPU.ActiveCfg = Release|Any CPU
		{FBF30FC9-8D02-4488-9978-4896C899D810}.Release|Any CPU.Build.0 = Release|Any CPU
		{ABA0ECA1-43DF-4628-92EC-F3B9C411EE7C}.Debug|Any CPU.ActiveCfg = Debug|Any CPU
		{ABA0ECA1-43DF-4628-92EC-F3B9C411EE7C}.Debug|Any CPU.Build.0 = Debug|Any CPU
		{ABA0ECA1-43DF-4628-92EC-F3B9C411EE7C}.Release|Any CPU.ActiveCfg = Release|Any CPU
		{ABA0ECA1-43DF-4628-92EC-F3B9C411EE7C}.Release|Any CPU.Build.0 = Release|Any CPU
		{4B90ACC3-C565-4DAE-B807-A0A6FDE6F26C}.Debug|Any CPU.ActiveCfg = Debug|Any CPU
		{4B90ACC3-C565-4DAE-B807-A0A6FDE6F26C}.Debug|Any CPU.Build.0 = Debug|Any CPU
		{4B90ACC3-C565-4DAE-B807-A0A6FDE6F26C}.Release|Any CPU.ActiveCfg = Release|Any CPU
		{4B90ACC3-C565-4DAE-B807-A0A6FDE6F26C}.Release|Any CPU.Build.0 = Release|Any CPU
		{2544AD03-CECF-43AD-8BE5-F983E7B6A2DB}.Debug|Any CPU.ActiveCfg = Debug|Any CPU
		{2544AD03-CECF-43AD-8BE5-F983E7B6A2DB}.Debug|Any CPU.Build.0 = Debug|Any CPU
		{2544AD03-CECF-43AD-8BE5-F983E7B6A2DB}.Release|Any CPU.ActiveCfg = Release|Any CPU
		{2544AD03-CECF-43AD-8BE5-F983E7B6A2DB}.Release|Any CPU.Build.0 = Release|Any CPU
	EndGlobalSection
	GlobalSection(SolutionProperties) = preSolution
		HideSolutionNode = FALSE
	EndGlobalSection
	GlobalSection(NestedProjects) = preSolution
		{6ACA4A85-F0ED-480D-A7ED-FD4ABCA587F4} = {EBC7B3A5-43E5-4FFE-9170-CA256DC45B80}
		{EBC7B3A5-43E5-4FFE-9170-CA256DC45B80} = {BE9EED21-8C05-4F14-9CD5-7C1D70B7D97C}
		{C1C42383-614C-4425-A57E-0689812AE881} = {BE9EED21-8C05-4F14-9CD5-7C1D70B7D97C}
		{748863EF-728E-4298-87A7-9D178819DCE3} = {EBC7B3A5-43E5-4FFE-9170-CA256DC45B80}
		{B2ADC347-ABB8-4CAB-9410-0495B8DFE54E} = {EBC7B3A5-43E5-4FFE-9170-CA256DC45B80}
		{93F56D27-28DB-42C7-A536-382200C1E103} = {EBC7B3A5-43E5-4FFE-9170-CA256DC45B80}
		{0E410FFB-378D-4656-990D-E25DD36A6DB4} = {BE9EED21-8C05-4F14-9CD5-7C1D70B7D97C}
		{01D4AB3A-18B3-442D-931C-2BD48F4D42F8} = {4D274B27-6D98-475A-BC80-B62D9E25D617}
		{4D274B27-6D98-475A-BC80-B62D9E25D617} = {77D8F3FE-7AB1-4C20-9443-B376797E1359}
		{44695B98-67EA-4F95-A861-D74824BCB3F1} = {1DA3A65E-1700-4FFD-9276-632722203C5F}
		{35289F84-E969-4A2B-8DEA-276E83DC47CF} = {5235F695-E1BD-46BF-B4CD-CE8BFA586937}
		{C13CDB11-D3D2-4016-A8E5-9AA137F29308} = {5235F695-E1BD-46BF-B4CD-CE8BFA586937}
		{02EA681E-C7D8-13C7-8484-4AC65E1B71E8} = {2E97B9DB-D9B4-46FF-A9EC-861888251895}
		{A8C313CB-FC37-4727-82E1-4C80BB1C93DE} = {2E97B9DB-D9B4-46FF-A9EC-861888251895}
		{B6C39AF8-837F-1FD0-A710-721130AA8D1E} = {A8C313CB-FC37-4727-82E1-4C80BB1C93DE}
		{3744922A-4C99-1CCC-AF96-D7CD0B921215} = {A8C313CB-FC37-4727-82E1-4C80BB1C93DE}
		{00466D2B-0C1B-E5A0-A9A9-D0C63E2546AC} = {A8C313CB-FC37-4727-82E1-4C80BB1C93DE}
		{C289FBAB-6D3A-0383-D3F2-BD5BA5179C3A} = {A8C313CB-FC37-4727-82E1-4C80BB1C93DE}
		{BDF733C2-EE48-451C-A15F-53F41E769122} = {2E97B9DB-D9B4-46FF-A9EC-861888251895}
		{44870357-D1A8-C2FF-13E6-21DE79F66D11} = {BDF733C2-EE48-451C-A15F-53F41E769122}
		{FBF30FC9-8D02-4488-9978-4896C899D810} = {3E61B425-773A-47BF-A62D-0F438D022EF6}
		{ABA0ECA1-43DF-4628-92EC-F3B9C411EE7C} = {3E61B425-773A-47BF-A62D-0F438D022EF6}
		{4B90ACC3-C565-4DAE-B807-A0A6FDE6F26C} = {8AB5E0DF-434D-4B98-98A5-3C602A4EEDFF}
		{2544AD03-CECF-43AD-8BE5-F983E7B6A2DB} = {8AB5E0DF-434D-4B98-98A5-3C602A4EEDFF}
	EndGlobalSection
	GlobalSection(ExtensibilityGlobals) = postSolution
		SolutionGuid = {6A19EDDE-A10F-4268-B1B6-EBA59F616DFB}
	EndGlobalSection
EndGlobal
